
Microsoft Visual Studio Solution File, Format Version 12.00
# Visual Studio 15
VisualStudioVersion = 15.0.28307.1758
MinimumVisualStudioVersion = 10.0.40219.1
Project("{FAE04EC0-301F-11D3-BF4B-00C04F79EFBC}") = "WebApplication1", "WebApplication1\WebApplication1.csproj", "{9775D656-B2F0-4244-8350-C261817CF16F}"
EndProject
Global
	GlobalSection(SolutionConfigurationPlatforms) = preSolution
		Debug|Any CPU = Debug|Any CPU
		Release|Any CPU = Release|Any CPU
	EndGlobalSection
	GlobalSection(ProjectConfigurationPlatforms) = postSolution
		{9775D656-B2F0-4244-8350-C261817CF16F}.Debug|Any CPU.ActiveCfg = Debug|Any CPU
		{9775D656-B2F0-4244-8350-C261817CF16F}.Debug|Any CPU.Build.0 = Debug|Any CPU
		{9775D656-B2F0-4244-8350-C261817CF16F}.Release|Any CPU.ActiveCfg = Release|Any CPU
		{9775D656-B2F0-4244-8350-C261817CF16F}.Release|Any CPU.Build.0 = Release|Any CPU
	EndGlobalSection
	GlobalSection(SolutionProperties) = preSolution
		HideSolutionNode = FALSE
	EndGlobalSection
	GlobalSection(ExtensibilityGlobals) = postSolution
		SolutionGuid = {9925D58B-13B9-4140-8CF5-83CDAEB3AA9E}
	EndGlobalSection
EndGlobal
